// !$*UTF8*$!
{
	archiveVersion = 1;
	classes = {
	};
	objectVersion = 46;
	objects = {

/* Begin PBXBuildFile section */
		60875C951D6B15A60002534D /* main.m in Sources */ = {isa = PBXBuildFile; fileRef = 60875C941D6B15A60002534D /* main.m */; };
		60875C981D6B15A60002534D /* AppDelegate.m in Sources */ = {isa = PBXBuildFile; fileRef = 60875C971D6B15A60002534D /* AppDelegate.m */; };
		60875C9B1D6B15A60002534D /* ViewController.m in Sources */ = {isa = PBXBuildFile; fileRef = 60875C9A1D6B15A60002534D /* ViewController.m */; };
		60875C9E1D6B15A60002534D /* Main.storyboard in Resources */ = {isa = PBXBuildFile; fileRef = 60875C9C1D6B15A60002534D /* Main.storyboard */; };
		60875CA01D6B15A70002534D /* Assets.xcassets in Resources */ = {isa = PBXBuildFile; fileRef = 60875C9F1D6B15A70002534D /* Assets.xcassets */; };
		60875CA31D6B15A70002534D /* LaunchScreen.storyboard in Resources */ = {isa = PBXBuildFile; fileRef = 60875CA11D6B15A70002534D /* LaunchScreen.storyboard */; };
		60875CAC1D6B16CC0002534D /* WLCell.m in Sources */ = {isa = PBXBuildFile; fileRef = 60875CAB1D6B16CC0002534D /* WLCell.m */; };
		60875CAF1D6B1B690002534D /* WLModel.m in Sources */ = {isa = PBXBuildFile; fileRef = 60875CAE1D6B1B690002534D /* WLModel.m */; };
		60875CE11D6B1CD80002534D /* AFHTTPSessionManager.m in Sources */ = {isa = PBXBuildFile; fileRef = 60875CB31D6B1CD80002534D /* AFHTTPSessionManager.m */; };
		60875CE21D6B1CD80002534D /* AFNetworkReachabilityManager.m in Sources */ = {isa = PBXBuildFile; fileRef = 60875CB61D6B1CD80002534D /* AFNetworkReachabilityManager.m */; };
		60875CE31D6B1CD80002534D /* AFSecurityPolicy.m in Sources */ = {isa = PBXBuildFile; fileRef = 60875CB81D6B1CD80002534D /* AFSecurityPolicy.m */; };
		60875CE41D6B1CD80002534D /* AFURLRequestSerialization.m in Sources */ = {isa = PBXBuildFile; fileRef = 60875CBA1D6B1CD80002534D /* AFURLRequestSerialization.m */; };
		60875CE51D6B1CD80002534D /* AFURLResponseSerialization.m in Sources */ = {isa = PBXBuildFile; fileRef = 60875CBC1D6B1CD80002534D /* AFURLResponseSerialization.m */; };
		60875CE61D6B1CD80002534D /* AFURLSessionManager.m in Sources */ = {isa = PBXBuildFile; fileRef = 60875CBE1D6B1CD80002534D /* AFURLSessionManager.m */; };
		60875CE71D6B1CD80002534D /* MKAnnotationView+WebCache.m in Sources */ = {isa = PBXBuildFile; fileRef = 60875CC11D6B1CD80002534D /* MKAnnotationView+WebCache.m */; };
		60875CE81D6B1CD80002534D /* NSData+ImageContentType.m in Sources */ = {isa = PBXBuildFile; fileRef = 60875CC31D6B1CD80002534D /* NSData+ImageContentType.m */; };
		60875CE91D6B1CD80002534D /* SDImageCache.m in Sources */ = {isa = PBXBuildFile; fileRef = 60875CC51D6B1CD80002534D /* SDImageCache.m */; };
		60875CEA1D6B1CD80002534D /* SDWebImageCompat.m in Sources */ = {isa = PBXBuildFile; fileRef = 60875CC71D6B1CD80002534D /* SDWebImageCompat.m */; };
		60875CEB1D6B1CD80002534D /* SDWebImageDecoder.m in Sources */ = {isa = PBXBuildFile; fileRef = 60875CC91D6B1CD80002534D /* SDWebImageDecoder.m */; };
		60875CEC1D6B1CD80002534D /* SDWebImageDownloader.m in Sources */ = {isa = PBXBuildFile; fileRef = 60875CCB1D6B1CD80002534D /* SDWebImageDownloader.m */; };
		60875CED1D6B1CD80002534D /* SDWebImageDownloaderOperation.m in Sources */ = {isa = PBXBuildFile; fileRef = 60875CCD1D6B1CD80002534D /* SDWebImageDownloaderOperation.m */; };
		60875CEE1D6B1CD80002534D /* SDWebImageManager.m in Sources */ = {isa = PBXBuildFile; fileRef = 60875CCF1D6B1CD80002534D /* SDWebImageManager.m */; };
		60875CEF1D6B1CD80002534D /* SDWebImagePrefetcher.m in Sources */ = {isa = PBXBuildFile; fileRef = 60875CD21D6B1CD80002534D /* SDWebImagePrefetcher.m */; };
		60875CF01D6B1CD80002534D /* UIButton+WebCache.m in Sources */ = {isa = PBXBuildFile; fileRef = 60875CD41D6B1CD80002534D /* UIButton+WebCache.m */; };
		60875CF11D6B1CD80002534D /* UIImage+GIF.m in Sources */ = {isa = PBXBuildFile; fileRef = 60875CD61D6B1CD80002534D /* UIImage+GIF.m */; };
		60875CF21D6B1CD80002534D /* UIImage+MultiFormat.m in Sources */ = {isa = PBXBuildFile; fileRef = 60875CD81D6B1CD80002534D /* UIImage+MultiFormat.m */; };
		60875CF31D6B1CD80002534D /* UIImage+WebP.m in Sources */ = {isa = PBXBuildFile; fileRef = 60875CDA1D6B1CD80002534D /* UIImage+WebP.m */; };
		60875CF41D6B1CD80002534D /* UIImageView+HighlightedWebCache.m in Sources */ = {isa = PBXBuildFile; fileRef = 60875CDC1D6B1CD80002534D /* UIImageView+HighlightedWebCache.m */; };
		60875CF51D6B1CD80002534D /* UIImageView+WebCache.m in Sources */ = {isa = PBXBuildFile; fileRef = 60875CDE1D6B1CD80002534D /* UIImageView+WebCache.m */; };
		60875CF61D6B1CD80002534D /* UIView+WebCacheOperation.m in Sources */ = {isa = PBXBuildFile; fileRef = 60875CE01D6B1CD80002534D /* UIView+WebCacheOperation.m */; };
/* End PBXBuildFile section */

/* Begin PBXFileReference section */
		60875C901D6B15A60002534D /* asyncDownloadImage.app */ = {isa = PBXFileReference; explicitFileType = wrapper.application; includeInIndex = 0; path = asyncDownloadImage.app; sourceTree = BUILT_PRODUCTS_DIR; };
		60875C941D6B15A60002534D /* main.m */ = {isa = PBXFileReference; lastKnownFileType = sourcecode.c.objc; path = main.m; sourceTree = "<group>"; };
		60875C961D6B15A60002534D /* AppDelegate.h */ = {isa = PBXFileReference; lastKnownFileType = sourcecode.c.h; path = AppDelegate.h; sourceTree = "<group>"; };
		60875C971D6B15A60002534D /* AppDelegate.m */ = {isa = PBXFileReference; lastKnownFileType = sourcecode.c.objc; path = AppDelegate.m; sourceTree = "<group>"; };
		60875C991D6B15A60002534D /* ViewController.h */ = {isa = PBXFileReference; lastKnownFileType = sourcecode.c.h; path = ViewController.h; sourceTree = "<group>"; };
		60875C9A1D6B15A60002534D /* ViewController.m */ = {isa = PBXFileReference; lastKnownFileType = sourcecode.c.objc; path = ViewController.m; sourceTree = "<group>"; };
		60875C9D1D6B15A60002534D /* Base */ = {isa = PBXFileReference; lastKnownFileType = file.storyboard; name = Base; path = Base.lproj/Main.storyboard; sourceTree = "<group>"; };
		60875C9F1D6B15A70002534D /* Assets.xcassets */ = {isa = PBXFileReference; lastKnownFileType = folder.assetcatalog; path = Assets.xcassets; sourceTree = "<group>"; };
		60875CA21D6B15A70002534D /* Base */ = {isa = PBXFileReference; lastKnownFileType = file.storyboard; name = Base; path = Base.lproj/LaunchScreen.storyboard; sourceTree = "<group>"; };
		60875CA41D6B15A70002534D /* Info.plist */ = {isa = PBXFileReference; lastKnownFileType = text.plist.xml; path = Info.plist; sourceTree = "<group>"; };
		60875CAA1D6B16CC0002534D /* WLCell.h */ = {isa = PBXFileReference; fileEncoding = 4; lastKnownFileType = sourcecode.c.h; path = WLCell.h; sourceTree = "<group>"; };
		60875CAB1D6B16CC0002534D /* WLCell.m */ = {isa = PBXFileReference; fileEncoding = 4; lastKnownFileType = sourcecode.c.objc; path = WLCell.m; sourceTree = "<group>"; };
		60875CAD1D6B1B690002534D /* WLModel.h */ = {isa = PBXFileReference; fileEncoding = 4; lastKnownFileType = sourcecode.c.h; path = WLModel.h; sourceTree = "<group>"; };
		60875CAE1D6B1B690002534D /* WLModel.m */ = {isa = PBXFileReference; fileEncoding = 4; lastKnownFileType = sourcecode.c.objc; path = WLModel.m; sourceTree = "<group>"; };
		60875CB21D6B1CD80002534D /* AFHTTPSessionManager.h */ = {isa = PBXFileReference; fileEncoding = 4; lastKnownFileType = sourcecode.c.h; path = AFHTTPSessionManager.h; sourceTree = "<group>"; };
		60875CB31D6B1CD80002534D /* AFHTTPSessionManager.m */ = {isa = PBXFileReference; fileEncoding = 4; lastKnownFileType = sourcecode.c.objc; path = AFHTTPSessionManager.m; sourceTree = "<group>"; };
		60875CB41D6B1CD80002534D /* AFNetworking.h */ = {isa = PBXFileReference; fileEncoding = 4; lastKnownFileType = sourcecode.c.h; path = AFNetworking.h; sourceTree = "<group>"; };
		60875CB51D6B1CD80002534D /* AFNetworkReachabilityManager.h */ = {isa = PBXFileReference; fileEncoding = 4; lastKnownFileType = sourcecode.c.h; path = AFNetworkReachabilityManager.h; sourceTree = "<group>"; };
		60875CB61D6B1CD80002534D /* AFNetworkReachabilityManager.m */ = {isa = PBXFileReference; fileEncoding = 4; lastKnownFileType = sourcecode.c.objc; path = AFNetworkReachabilityManager.m; sourceTree = "<group>"; };
		60875CB71D6B1CD80002534D /* AFSecurityPolicy.h */ = {isa = PBXFileReference; fileEncoding = 4; lastKnownFileType = sourcecode.c.h; path = AFSecurityPolicy.h; sourceTree = "<group>"; };
		60875CB81D6B1CD80002534D /* AFSecurityPolicy.m */ = {isa = PBXFileReference; fileEncoding = 4; lastKnownFileType = sourcecode.c.objc; path = AFSecurityPolicy.m; sourceTree = "<group>"; };
		60875CB91D6B1CD80002534D /* AFURLRequestSerialization.h */ = {isa = PBXFileReference; fileEncoding = 4; lastKnownFileType = sourcecode.c.h; path = AFURLRequestSerialization.h; sourceTree = "<group>"; };
		60875CBA1D6B1CD80002534D /* AFURLRequestSerialization.m */ = {isa = PBXFileReference; fileEncoding = 4; lastKnownFileType = sourcecode.c.objc; path = AFURLRequestSerialization.m; sourceTree = "<group>"; };
		60875CBB1D6B1CD80002534D /* AFURLResponseSerialization.h */ = {isa = PBXFileReference; fileEncoding = 4; lastKnownFileType = sourcecode.c.h; path = AFURLResponseSerialization.h; sourceTree = "<group>"; };
		60875CBC1D6B1CD80002534D /* AFURLResponseSerialization.m */ = {isa = PBXFileReference; fileEncoding = 4; lastKnownFileType = sourcecode.c.objc; path = AFURLResponseSerialization.m; sourceTree = "<group>"; };
		60875CBD1D6B1CD80002534D /* AFURLSessionManager.h */ = {isa = PBXFileReference; fileEncoding = 4; lastKnownFileType = sourcecode.c.h; path = AFURLSessionManager.h; sourceTree = "<group>"; };
		60875CBE1D6B1CD80002534D /* AFURLSessionManager.m */ = {isa = PBXFileReference; fileEncoding = 4; lastKnownFileType = sourcecode.c.objc; path = AFURLSessionManager.m; sourceTree = "<group>"; };
		60875CC01D6B1CD80002534D /* MKAnnotationView+WebCache.h */ = {isa = PBXFileReference; fileEncoding = 4; lastKnownFileType = sourcecode.c.h; path = "MKAnnotationView+WebCache.h"; sourceTree = "<group>"; };
		60875CC11D6B1CD80002534D /* MKAnnotationView+WebCache.m */ = {isa = PBXFileReference; fileEncoding = 4; lastKnownFileType = sourcecode.c.objc; path = "MKAnnotationView+WebCache.m"; sourceTree = "<group>"; };
		60875CC21D6B1CD80002534D /* NSData+ImageContentType.h */ = {isa = PBXFileReference; fileEncoding = 4; lastKnownFileType = sourcecode.c.h; path = "NSData+ImageContentType.h"; sourceTree = "<group>"; };
		60875CC31D6B1CD80002534D /* NSData+ImageContentType.m */ = {isa = PBXFileReference; fileEncoding = 4; lastKnownFileType = sourcecode.c.objc; path = "NSData+ImageContentType.m"; sourceTree = "<group>"; };
		60875CC41D6B1CD80002534D /* SDImageCache.h */ = {isa = PBXFileReference; fileEncoding = 4; lastKnownFileType = sourcecode.c.h; path = SDImageCache.h; sourceTree = "<group>"; };
		60875CC51D6B1CD80002534D /* SDImageCache.m */ = {isa = PBXFileReference; fileEncoding = 4; lastKnownFileType = sourcecode.c.objc; path = SDImageCache.m; sourceTree = "<group>"; };
		60875CC61D6B1CD80002534D /* SDWebImageCompat.h */ = {isa = PBXFileReference; fileEncoding = 4; lastKnownFileType = sourcecode.c.h; path = SDWebImageCompat.h; sourceTree = "<group>"; };
		60875CC71D6B1CD80002534D /* SDWebImageCompat.m */ = {isa = PBXFileReference; fileEncoding = 4; lastKnownFileType = sourcecode.c.objc; path = SDWebImageCompat.m; sourceTree = "<group>"; };
		60875CC81D6B1CD80002534D /* SDWebImageDecoder.h */ = {isa = PBXFileReference; fileEncoding = 4; lastKnownFileType = sourcecode.c.h; path = SDWebImageDecoder.h; sourceTree = "<group>"; };
		60875CC91D6B1CD80002534D /* SDWebImageDecoder.m */ = {isa = PBXFileReference; fileEncoding = 4; lastKnownFileType = sourcecode.c.objc; path = SDWebImageDecoder.m; sourceTree = "<group>"; };
		60875CCA1D6B1CD80002534D /* SDWebImageDownloader.h */ = {isa = PBXFileReference; fileEncoding = 4; lastKnownFileType = sourcecode.c.h; path = SDWebImageDownloader.h; sourceTree = "<group>"; };
		60875CCB1D6B1CD80002534D /* SDWebImageDownloader.m */ = {isa = PBXFileReference; fileEncoding = 4; lastKnownFileType = sourcecode.c.objc; path = SDWebImageDownloader.m; sourceTree = "<group>"; };
		60875CCC1D6B1CD80002534D /* SDWebImageDownloaderOperation.h */ = {isa = PBXFileReference; fileEncoding = 4; lastKnownFileType = sourcecode.c.h; path = SDWebImageDownloaderOperation.h; sourceTree = "<group>"; };
		60875CCD1D6B1CD80002534D /* SDWebImageDownloaderOperation.m */ = {isa = PBXFileReference; fileEncoding = 4; lastKnownFileType = sourcecode.c.objc; path = SDWebImageDownloaderOperation.m; sourceTree = "<group>"; };
		60875CCE1D6B1CD80002534D /* SDWebImageManager.h */ = {isa = PBXFileReference; fileEncoding = 4; lastKnownFileType = sourcecode.c.h; path = SDWebImageManager.h; sourceTree = "<group>"; };
		60875CCF1D6B1CD80002534D /* SDWebImageManager.m */ = {isa = PBXFileReference; fileEncoding = 4; lastKnownFileType = sourcecode.c.objc; path = SDWebImageManager.m; sourceTree = "<group>"; };
		60875CD01D6B1CD80002534D /* SDWebImageOperation.h */ = {isa = PBXFileReference; fileEncoding = 4; lastKnownFileType = sourcecode.c.h; path = SDWebImageOperation.h; sourceTree = "<group>"; };
		60875CD11D6B1CD80002534D /* SDWebImagePrefetcher.h */ = {isa = PBXFileReference; fileEncoding = 4; lastKnownFileType = sourcecode.c.h; path = SDWebImagePrefetcher.h; sourceTree = "<group>"; };
		60875CD21D6B1CD80002534D /* SDWebImagePrefetcher.m */ = {isa = PBXFileReference; fileEncoding = 4; lastKnownFileType = sourcecode.c.objc; path = SDWebImagePrefetcher.m; sourceTree = "<group>"; };
		60875CD31D6B1CD80002534D /* UIButton+WebCache.h */ = {isa = PBXFileReference; fileEncoding = 4; lastKnownFileType = sourcecode.c.h; path = "UIButton+WebCache.h"; sourceTree = "<group>"; };
		60875CD41D6B1CD80002534D /* UIButton+WebCache.m */ = {isa = PBXFileReference; fileEncoding = 4; lastKnownFileType = sourcecode.c.objc; path = "UIButton+WebCache.m"; sourceTree = "<group>"; };
		60875CD51D6B1CD80002534D /* UIImage+GIF.h */ = {isa = PBXFileReference; fileEncoding = 4; lastKnownFileType = sourcecode.c.h; path = "UIImage+GIF.h"; sourceTree = "<group>"; };
		60875CD61D6B1CD80002534D /* UIImage+GIF.m */ = {isa = PBXFileReference; fileEncoding = 4; lastKnownFileType = sourcecode.c.objc; path = "UIImage+GIF.m"; sourceTree = "<group>"; };
		60875CD71D6B1CD80002534D /* UIImage+MultiFormat.h */ = {isa = PBXFileReference; fileEncoding = 4; lastKnownFileType = sourcecode.c.h; path = "UIImage+MultiFormat.h"; sourceTree = "<group>"; };
		60875CD81D6B1CD80002534D /* UIImage+MultiFormat.m */ = {isa = PBXFileReference; fileEncoding = 4; lastKnownFileType = sourcecode.c.objc; path = "UIImage+MultiFormat.m"; sourceTree = "<group>"; };
		60875CD91D6B1CD80002534D /* UIImage+WebP.h */ = {isa = PBXFileReference; fileEncoding = 4; lastKnownFileType = sourcecode.c.h; path = "UIImage+WebP.h"; sourceTree = "<group>"; };
		60875CDA1D6B1CD80002534D /* UIImage+WebP.m */ = {isa = PBXFileReference; fileEncoding = 4; lastKnownFileType = sourcecode.c.objc; path = "UIImage+WebP.m"; sourceTree = "<group>"; };
		60875CDB1D6B1CD80002534D /* UIImageView+HighlightedWebCache.h */ = {isa = PBXFileReference; fileEncoding = 4; lastKnownFileType = sourcecode.c.h; path = "UIImageView+HighlightedWebCache.h"; sourceTree = "<group>"; };
		60875CDC1D6B1CD80002534D /* UIImageView+HighlightedWebCache.m */ = {isa = PBXFileReference; fileEncoding = 4; lastKnownFileType = sourcecode.c.objc; path = "UIImageView+HighlightedWebCache.m"; sourceTree = "<group>"; };
		60875CDD1D6B1CD80002534D /* UIImageView+WebCache.h */ = {isa = PBXFileReference; fileEncoding = 4; lastKnownFileType = sourcecode.c.h; path = "UIImageView+WebCache.h"; sourceTree = "<group>"; };
		60875CDE1D6B1CD80002534D /* UIImageView+WebCache.m */ = {isa = PBXFileReference; fileEncoding = 4; lastKnownFileType = sourcecode.c.objc; path = "UIImageView+WebCache.m"; sourceTree = "<group>"; };
		60875CDF1D6B1CD80002534D /* UIView+WebCacheOperation.h */ = {isa = PBXFileReference; fileEncoding = 4; lastKnownFileType = sourcecode.c.h; path = "UIView+WebCacheOperation.h"; sourceTree = "<group>"; };
		60875CE01D6B1CD80002534D /* UIView+WebCacheOperation.m */ = {isa = PBXFileReference; fileEncoding = 4; lastKnownFileType = sourcecode.c.objc; path = "UIView+WebCacheOperation.m"; sourceTree = "<group>"; };
/* End PBXFileReference section */

/* Begin PBXFrameworksBuildPhase section */
		60875C8D1D6B15A60002534D /* Frameworks */ = {
			isa = PBXFrameworksBuildPhase;
			buildActionMask = 2147483647;
			files = (
			);
			runOnlyForDeploymentPostprocessing = 0;
		};
/* End PBXFrameworksBuildPhase section */

/* Begin PBXGroup section */
		60875C871D6B15A60002534D = {
			isa = PBXGroup;
			children = (
				60875C921D6B15A60002534D /* asyncDownloadImage */,
				60875C911D6B15A60002534D /* Products */,
			);
			sourceTree = "<group>";
		};
		60875C911D6B15A60002534D /* Products */ = {
			isa = PBXGroup;
			children = (
				60875C901D6B15A60002534D /* asyncDownloadImage.app */,
			);
			name = Products;
			sourceTree = "<group>";
		};
		60875C921D6B15A60002534D /* asyncDownloadImage */ = {
			isa = PBXGroup;
			children = (
				60875CB01D6B1CD80002534D /* ThirdLib */,
				60875C961D6B15A60002534D /* AppDelegate.h */,
				60875C971D6B15A60002534D /* AppDelegate.m */,
				60875C991D6B15A60002534D /* ViewController.h */,
				60875C9A1D6B15A60002534D /* ViewController.m */,
				60875C9C1D6B15A60002534D /* Main.storyboard */,
				60875C9F1D6B15A70002534D /* Assets.xcassets */,
				60875CA11D6B15A70002534D /* LaunchScreen.storyboard */,
				60875CA41D6B15A70002534D /* Info.plist */,
				60875C931D6B15A60002534D /* Supporting Files */,
				60875CAA1D6B16CC0002534D /* WLCell.h */,
				60875CAB1D6B16CC0002534D /* WLCell.m */,
				60875CAD1D6B1B690002534D /* WLModel.h */,
				60875CAE1D6B1B690002534D /* WLModel.m */,
			);
			path = asyncDownloadImage;
			sourceTree = "<group>";
		};
		60875C931D6B15A60002534D /* Supporting Files */ = {
			isa = PBXGroup;
			children = (
				60875C941D6B15A60002534D /* main.m */,
			);
			name = "Supporting Files";
			sourceTree = "<group>";
		};
		60875CB01D6B1CD80002534D /* ThirdLib */ = {
			isa = PBXGroup;
			children = (
				60875CB11D6B1CD80002534D /* AFNetworking */,
				60875CBF1D6B1CD80002534D /* SDWebImage */,
			);
			path = ThirdLib;
			sourceTree = "<group>";
		};
		60875CB11D6B1CD80002534D /* AFNetworking */ = {
			isa = PBXGroup;
			children = (
				60875CB21D6B1CD80002534D /* AFHTTPSessionManager.h */,
				60875CB31D6B1CD80002534D /* AFHTTPSessionManager.m */,
				60875CB41D6B1CD80002534D /* AFNetworking.h */,
				60875CB51D6B1CD80002534D /* AFNetworkReachabilityManager.h */,
				60875CB61D6B1CD80002534D /* AFNetworkReachabilityManager.m */,
				60875CB71D6B1CD80002534D /* AFSecurityPolicy.h */,
				60875CB81D6B1CD80002534D /* AFSecurityPolicy.m */,
				60875CB91D6B1CD80002534D /* AFURLRequestSerialization.h */,
				60875CBA1D6B1CD80002534D /* AFURLRequestSerialization.m */,
				60875CBB1D6B1CD80002534D /* AFURLResponseSerialization.h */,
				60875CBC1D6B1CD80002534D /* AFURLResponseSerialization.m */,
				60875CBD1D6B1CD80002534D /* AFURLSessionManager.h */,
				60875CBE1D6B1CD80002534D /* AFURLSessionManager.m */,
			);
			path = AFNetworking;
			sourceTree = "<group>";
		};
		60875CBF1D6B1CD80002534D /* SDWebImage */ = {
			isa = PBXGroup;
			children = (
				60875CC01D6B1CD80002534D /* MKAnnotationView+WebCache.h */,
				60875CC11D6B1CD80002534D /* MKAnnotationView+WebCache.m */,
				60875CC21D6B1CD80002534D /* NSData+ImageContentType.h */,
				60875CC31D6B1CD80002534D /* NSData+ImageContentType.m */,
				60875CC41D6B1CD80002534D /* SDImageCache.h */,
				60875CC51D6B1CD80002534D /* SDImageCache.m */,
				60875CC61D6B1CD80002534D /* SDWebImageCompat.h */,
				60875CC71D6B1CD80002534D /* SDWebImageCompat.m */,
				60875CC81D6B1CD80002534D /* SDWebImageDecoder.h */,
				60875CC91D6B1CD80002534D /* SDWebImageDecoder.m */,
				60875CCA1D6B1CD80002534D /* SDWebImageDownloader.h */,
				60875CCB1D6B1CD80002534D /* SDWebImageDownloader.m */,
				60875CCC1D6B1CD80002534D /* SDWebImageDownloaderOperation.h */,
				60875CCD1D6B1CD80002534D /* SDWebImageDownloaderOperation.m */,
				60875CCE1D6B1CD80002534D /* SDWebImageManager.h */,
				60875CCF1D6B1CD80002534D /* SDWebImageManager.m */,
				60875CD01D6B1CD80002534D /* SDWebImageOperation.h */,
				60875CD11D6B1CD80002534D /* SDWebImagePrefetcher.h */,
				60875CD21D6B1CD80002534D /* SDWebImagePrefetcher.m */,
				60875CD31D6B1CD80002534D /* UIButton+WebCache.h */,
				60875CD41D6B1CD80002534D /* UIButton+WebCache.m */,
				60875CD51D6B1CD80002534D /* UIImage+GIF.h */,
				60875CD61D6B1CD80002534D /* UIImage+GIF.m */,
				60875CD71D6B1CD80002534D /* UIImage+MultiFormat.h */,
				60875CD81D6B1CD80002534D /* UIImage+MultiFormat.m */,
				60875CD91D6B1CD80002534D /* UIImage+WebP.h */,
				60875CDA1D6B1CD80002534D /* UIImage+WebP.m */,
				60875CDB1D6B1CD80002534D /* UIImageView+HighlightedWebCache.h */,
				60875CDC1D6B1CD80002534D /* UIImageView+HighlightedWebCache.m */,
				60875CDD1D6B1CD80002534D /* UIImageView+WebCache.h */,
				60875CDE1D6B1CD80002534D /* UIImageView+WebCache.m */,
				60875CDF1D6B1CD80002534D /* UIView+WebCacheOperation.h */,
				60875CE01D6B1CD80002534D /* UIView+WebCacheOperation.m */,
			);
			path = SDWebImage;
			sourceTree = "<group>";
		};
/* End PBXGroup section */

/* Begin PBXNativeTarget section */
		60875C8F1D6B15A60002534D /* asyncDownloadImage */ = {
			isa = PBXNativeTarget;
			buildConfigurationList = 60875CA71D6B15A70002534D /* Build configuration list for PBXNativeTarget "asyncDownloadImage" */;
			buildPhases = (
				60875C8C1D6B15A60002534D /* Sources */,
				60875C8D1D6B15A60002534D /* Frameworks */,
				60875C8E1D6B15A60002534D /* Resources */,
			);
			buildRules = (
			);
			dependencies = (
			);
			name = asyncDownloadImage;
			productName = asyncDownloadImage;
			productReference = 60875C901D6B15A60002534D /* asyncDownloadImage.app */;
			productType = "com.apple.product-type.application";
		};
/* End PBXNativeTarget section */

/* Begin PBXProject section */
		60875C881D6B15A60002534D /* Project object */ = {
			isa = PBXProject;
			attributes = {
				LastUpgradeCheck = 0730;
				ORGANIZATIONNAME = wulei;
				TargetAttributes = {
					60875C8F1D6B15A60002534D = {
						CreatedOnToolsVersion = 7.3;
					};
				};
			};
			buildConfigurationList = 60875C8B1D6B15A60002534D /* Build configuration list for PBXProject "asyncDownloadImage" */;
			compatibilityVersion = "Xcode 3.2";
			developmentRegion = English;
			hasScannedForEncodings = 0;
			knownRegions = (
				en,
				Base,
			);
			mainGroup = 60875C871D6B15A60002534D;
			productRefGroup = 60875C911D6B15A60002534D /* Products */;
			projectDirPath = "";
			projectRoot = "";
			targets = (
				60875C8F1D6B15A60002534D /* asyncDownloadImage */,
			);
		};
/* End PBXProject section */

/* Begin PBXResourcesBuildPhase section */
		60875C8E1D6B15A60002534D /* Resources */ = {
			isa = PBXResourcesBuildPhase;
			buildActionMask = 2147483647;
			files = (
				60875CA31D6B15A70002534D /* LaunchScreen.storyboard in Resources */,
				60875CA01D6B15A70002534D /* Assets.xcassets in Resources */,
				60875C9E1D6B15A60002534D /* Main.storyboard in Resources */,
			);
			runOnlyForDeploymentPostprocessing = 0;
		};
/* End PBXResourcesBuildPhase section */

/* Begin PBXSourcesBuildPhase section */
		60875C8C1D6B15A60002534D /* Sources */ = {
			isa = PBXSourcesBuildPhase;
			buildActionMask = 2147483647;
			files = (
				60875CF11D6B1CD80002534D /* UIImage+GIF.m in Sources */,
				60875CE41D6B1CD80002534D /* AFURLRequestSerialization.m in Sources */,
				60875CEF1D6B1CD80002534D /* SDWebImagePrefetcher.m in Sources */,
				60875CAF1D6B1B690002534D /* WLModel.m in Sources */,
				60875C9B1D6B15A60002534D /* ViewController.m in Sources */,
				60875CE81D6B1CD80002534D /* NSData+ImageContentType.m in Sources */,
				60875C981D6B15A60002534D /* AppDelegate.m in Sources */,
				60875CE61D6B1CD80002534D /* AFURLSessionManager.m in Sources */,
				60875CF01D6B1CD80002534D /* UIButton+WebCache.m in Sources */,
				60875CED1D6B1CD80002534D /* SDWebImageDownloaderOperation.m in Sources */,
				60875CE71D6B1CD80002534D /* MKAnnotationView+WebCache.m in Sources */,
				60875CEA1D6B1CD80002534D /* SDWebImageCompat.m in Sources */,
				60875CE51D6B1CD80002534D /* AFURLResponseSerialization.m in Sources */,
				60875CF21D6B1CD80002534D /* UIImage+MultiFormat.m in Sources */,
				60875CF51D6B1CD80002534D /* UIImageView+WebCache.m in Sources */,
				60875CE21D6B1CD80002534D /* AFNetworkReachabilityManager.m in Sources */,
				60875CF61D6B1CD80002534D /* UIView+WebCacheOperation.m in Sources */,
				60875CE31D6B1CD80002534D /* AFSecurityPolicy.m in Sources */,
				60875CE11D6B1CD80002534D /* AFHTTPSessionManager.m in Sources */,
				60875CEC1D6B1CD80002534D /* SDWebImageDownloader.m in Sources */,
				60875CF41D6B1CD80002534D /* UIImageView+HighlightedWebCache.m in Sources */,
				60875CEB1D6B1CD80002534D /* SDWebImageDecoder.m in Sources */,
				60875CF31D6B1CD80002534D /* UIImage+WebP.m in Sources */,
				60875CEE1D6B1CD80002534D /* SDWebImageManager.m in Sources */,
				60875CAC1D6B16CC0002534D /* WLCell.m in Sources */,
				60875C951D6B15A60002534D /* main.m in Sources */,
				60875CE91D6B1CD80002534D /* SDImageCache.m in Sources */,
			);
			runOnlyForDeploymentPostprocessing = 0;
		};
/* End PBXSourcesBuildPhase section */

/* Begin PBXVariantGroup section */
		60875C9C1D6B15A60002534D /* Main.storyboard */ = {
			isa = PBXVariantGroup;
			children = (
				60875C9D1D6B15A60002534D /* Base */,
			);
			name = Main.storyboard;
			sourceTree = "<group>";
		};
		60875CA11D6B15A70002534D /* LaunchScreen.storyboard */ = {
			isa = PBXVariantGroup;
			children = (
				60875CA21D6B15A70002534D /* Base */,
			);
			name = LaunchScreen.storyboard;
			sourceTree = "<group>";
		};
/* End PBXVariantGroup section */

/* Begin XCBuildConfiguration section */
		60875CA51D6B15A70002534D /* Debug */ = {
			isa = XCBuildConfiguration;
			buildSettings = {
				ALWAYS_SEARCH_USER_PATHS = NO;
				CLANG_ANALYZER_NONNULL = YES;
				CLANG_CXX_LANGUAGE_STANDARD = "gnu++0x";
				CLANG_CXX_LIBRARY = "libc++";
				CLANG_ENABLE_MODULES = YES;
				CLANG_ENABLE_OBJC_ARC = YES;
				CLANG_WARN_BOOL_CONVERSION = YES;
				CLANG_WARN_CONSTANT_CONVERSION = YES;
				CLANG_WARN_DIRECT_OBJC_ISA_USAGE = YES_ERROR;
				CLANG_WARN_EMPTY_BODY = YES;
				CLANG_WARN_ENUM_CONVERSION = YES;
				CLANG_WARN_INT_CONVERSION = YES;
				CLANG_WARN_OBJC_ROOT_CLASS = YES_ERROR;
				CLANG_WARN_UNREACHABLE_CODE = YES;
				CLANG_WARN__DUPLICATE_METHOD_MATCH = YES;
				"CODE_SIGN_IDENTITY[sdk=iphoneos*]" = "iPhone Developer";
				COPY_PHASE_STRIP = NO;
				DEBUG_INFORMATION_FORMAT = dwarf;
				ENABLE_STRICT_OBJC_MSGSEND = YES;
				ENABLE_TESTABILITY = YES;
				GCC_C_LANGUAGE_STANDARD = gnu99;
				GCC_DYNAMIC_NO_PIC = NO;
				GCC_NO_COMMON_BLOCKS = YES;
				GCC_OPTIMIZATION_LEVEL = 0;
				GCC_PREPROCESSOR_DEFINITIONS = (
					"DEBUG=1",
					"$(inherited)",
				);
				GCC_WARN_64_TO_32_BIT_CONVERSION = YES;
				GCC_WARN_ABOUT_RETURN_TYPE = YES_ERROR;
				GCC_WARN_UNDECLARED_SELECTOR = YES;
				GCC_WARN_UNINITIALIZED_AUTOS = YES_AGGRESSIVE;
				GCC_WARN_UNUSED_FUNCTION = YES;
				GCC_WARN_UNUSED_VARIABLE = YES;
				IPHONEOS_DEPLOYMENT_TARGET = 9.3;
				MTL_ENABLE_DEBUG_INFO = YES;
				ONLY_ACTIVE_ARCH = YES;
				SDKROOT = iphoneos;
			};
			name = Debug;
		};
		60875CA61D6B15A70002534D /* Release */ = {
			isa = XCBuildConfiguration;
			buildSettings = {
				ALWAYS_SEARCH_USER_PATHS = NO;
				CLANG_ANALYZER_NONNULL = YES;
				CLANG_CXX_LANGUAGE_STANDARD = "gnu++0x";
				CLANG_CXX_LIBRARY = "libc++";
				CLANG_ENABLE_MODULES = YES;
				CLANG_ENABLE_OBJC_ARC = YES;
				CLANG_WARN_BOOL_CONVERSION = YES;
				CLANG_WARN_CONSTANT_CONVERSION = YES;
				CLANG_WARN_DIRECT_OBJC_ISA_USAGE = YES_ERROR;
				CLANG_WARN_EMPTY_BODY = YES;
				CLANG_WARN_ENUM_CONVERSION = YES;
				CLANG_WARN_INT_CONVERSION = YES;
				CLANG_WARN_OBJC_ROOT_CLASS = YES_ERROR;
				CLANG_WARN_UNREACHABLE_CODE = YES;
				CLANG_WARN__DUPLICATE_METHOD_MATCH = YES;
				"CODE_SIGN_IDENTITY[sdk=iphoneos*]" = "iPhone Developer";
				COPY_PHASE_STRIP = NO;
				DEBUG_INFORMATION_FORMAT = "dwarf-with-dsym";
				ENABLE_NS_ASSERTIONS = NO;
				ENABLE_STRICT_OBJC_MSGSEND = YES;
				GCC_C_LANGUAGE_STANDARD = gnu99;
				GCC_NO_COMMON_BLOCKS = YES;
				GCC_WARN_64_TO_32_BIT_CONVERSION = YES;
				GCC_WARN_ABOUT_RETURN_TYPE = YES_ERROR;
				GCC_WARN_UNDECLARED_SELECTOR = YES;
				GCC_WARN_UNINITIALIZED_AUTOS = YES_AGGRESSIVE;
				GCC_WARN_UNUSED_FUNCTION = YES;
				GCC_WARN_UNUSED_VARIABLE = YES;
				IPHONEOS_DEPLOYMENT_TARGET = 9.3;
				MTL_ENABLE_DEBUG_INFO = NO;
				SDKROOT = iphoneos;
				VALIDATE_PRODUCT = YES;
			};
			name = Release;
		};
		60875CA81D6B15A70002534D /* Debug */ = {
			isa = XCBuildConfiguration;
			buildSettings = {
				ASSETCATALOG_COMPILER_APPICON_NAME = AppIcon;
				INFOPLIST_FILE = asyncDownloadImage/Info.plist;
				LD_RUNPATH_SEARCH_PATHS = "$(inherited) @executable_path/Frameworks";
				PRODUCT_BUNDLE_IDENTIFIER = com.itcast.asyncDownloadImage;
				PRODUCT_NAME = "$(TARGET_NAME)";
			};
			name = Debug;
		};
		60875CA91D6B15A70002534D /* Release */ = {
			isa = XCBuildConfiguration;
			buildSettings = {
				ASSETCATALOG_COMPILER_APPICON_NAME = AppIcon;
				INFOPLIST_FILE = asyncDownloadImage/Info.plist;
				LD_RUNPATH_SEARCH_PATHS = "$(inherited) @executable_path/Frameworks";
				PRODUCT_BUNDLE_IDENTIFIER = com.itcast.asyncDownloadImage;
				PRODUCT_NAME = "$(TARGET_NAME)";
			};
			name = Release;
		};
/* End XCBuildConfiguration section */

/* Begin XCConfigurationList section */
		60875C8B1D6B15A60002534D /* Build configuration list for PBXProject "asyncDownloadImage" */ = {
			isa = XCConfigurationList;
			buildConfigurations = (
				60875CA51D6B15A70002534D /* Debug */,
				60875CA61D6B15A70002534D /* Release */,
			);
			defaultConfigurationIsVisible = 0;
			defaultConfigurationName = Release;
		};
		60875CA71D6B15A70002534D /* Build configuration list for PBXNativeTarget "asyncDownloadImage" */ = {
			isa = XCConfigurationList;
			buildConfigurations = (
				60875CA81D6B15A70002534D /* Debug */,
				60875CA91D6B15A70002534D /* Release */,
			);
			defaultConfigurationIsVisible = 0;
		};
/* End XCConfigurationList section */
	};
	rootObject = 60875C881D6B15A60002534D /* Project object */;
}
